// !$*UTF8*$!
{
	archiveVersion = 1;
	classes = {
	};
	objectVersion = 50;
	objects = {

/* Begin PBXBuildFile section */
		04D3850124D19FC300908C0E /* AppDelegate.swift in Sources */ = {isa = PBXBuildFile; fileRef = 04D3850024D19FC300908C0E /* AppDelegate.swift */; };
		04D3850324D19FC300908C0E /* SceneDelegate.swift in Sources */ = {isa = PBXBuildFile; fileRef = 04D3850224D19FC300908C0E /* SceneDelegate.swift */; };
		04D3850524D19FC300908C0E /* ViewController.swift in Sources */ = {isa = PBXBuildFile; fileRef = 04D3850424D19FC300908C0E /* ViewController.swift */; };
		04D3850824D19FC300908C0E /* Main.storyboard in Resources */ = {isa = PBXBuildFile; fileRef = 04D3850624D19FC300908C0E /* Main.storyboard */; };
		04D3850A24D19FC800908C0E /* Assets.xcassets in Resources */ = {isa = PBXBuildFile; fileRef = 04D3850924D19FC800908C0E /* Assets.xcassets */; };
		04D3850D24D19FC800908C0E /* LaunchScreen.storyboard in Resources */ = {isa = PBXBuildFile; fileRef = 04D3850B24D19FC800908C0E /* LaunchScreen.storyboard */; };
		04D3851824D19FC800908C0E /* ProgressBarTests.swift in Sources */ = {isa = PBXBuildFile; fileRef = 04D3851724D19FC800908C0E /* ProgressBarTests.swift */; };
		04D3852324D19FC800908C0E /* ProgressBarUITests.swift in Sources */ = {isa = PBXBuildFile; fileRef = 04D3852224D19FC800908C0E /* ProgressBarUITests.swift */; };
/* End PBXBuildFile section */

/* Begin PBXContainerItemProxy section */
		04D3851424D19FC800908C0E /* PBXContainerItemProxy */ = {
			isa = PBXContainerItemProxy;
			containerPortal = 04D384F524D19FC300908C0E /* Project object */;
			proxyType = 1;
			remoteGlobalIDString = 04D384FC24D19FC300908C0E;
			remoteInfo = ProgressBar;
		};
		04D3851F24D19FC800908C0E /* PBXContainerItemProxy */ = {
			isa = PBXContainerItemProxy;
			containerPortal = 04D384F524D19FC300908C0E /* Project object */;
			proxyType = 1;
			remoteGlobalIDString = 04D384FC24D19FC300908C0E;
			remoteInfo = ProgressBar;
		};
/* End PBXContainerItemProxy section */

/* Begin PBXFileReference section */
		04D384FD24D19FC300908C0E /* ProgressBar.app */ = {isa = PBXFileReference; explicitFileType = wrapper.application; includeInIndex = 0; path = ProgressBar.app; sourceTree = BUILT_PRODUCTS_DIR; };
		04D3850024D19FC300908C0E /* AppDelegate.swift */ = {isa = PBXFileReference; lastKnownFileType = sourcecode.swift; path = AppDelegate.swift; sourceTree = "<group>"; };
		04D3850224D19FC300908C0E /* SceneDelegate.swift */ = {isa = PBXFileReference; lastKnownFileType = sourcecode.swift; path = SceneDelegate.swift; sourceTree = "<group>"; };
		04D3850424D19FC300908C0E /* ViewController.swift */ = {isa = PBXFileReference; lastKnownFileType = sourcecode.swift; path = ViewController.swift; sourceTree = "<group>"; };
		04D3850724D19FC300908C0E /* Base */ = {isa = PBXFileReference; lastKnownFileType = file.storyboard; name = Base; path = Base.lproj/Main.storyboard; sourceTree = "<group>"; };
		04D3850924D19FC800908C0E /* Assets.xcassets */ = {isa = PBXFileReference; lastKnownFileType = folder.assetcatalog; path = Assets.xcassets; sourceTree = "<group>"; };
		04D3850C24D19FC800908C0E /* Base */ = {isa = PBXFileReference; lastKnownFileType = file.storyboard; name = Base; path = Base.lproj/LaunchScreen.storyboard; sourceTree = "<group>"; };
		04D3850E24D19FC800908C0E /* Info.plist */ = {isa = PBXFileReference; lastKnownFileType = text.plist.xml; path = Info.plist; sourceTree = "<group>"; };
		04D3851324D19FC800908C0E /* ProgressBarTests.xctest */ = {isa = PBXFileReference; explicitFileType = wrapper.cfbundle; includeInIndex = 0; path = ProgressBarTests.xctest; sourceTree = BUILT_PRODUCTS_DIR; };
		04D3851724D19FC800908C0E /* ProgressBarTests.swift */ = {isa = PBXFileReference; lastKnownFileType = sourcecode.swift; path = ProgressBarTests.swift; sourceTree = "<group>"; };
		04D3851924D19FC800908C0E /* Info.plist */ = {isa = PBXFileReference; lastKnownFileType = text.plist.xml; path = Info.plist; sourceTree = "<group>"; };
		04D3851E24D19FC800908C0E /* ProgressBarUITests.xctest */ = {isa = PBXFileReference; explicitFileType = wrapper.cfbundle; includeInIndex = 0; path = ProgressBarUITests.xctest; sourceTree = BUILT_PRODUCTS_DIR; };
		04D3852224D19FC800908C0E /* ProgressBarUITests.swift */ = {isa = PBXFileReference; lastKnownFileType = sourcecode.swift; path = ProgressBarUITests.swift; sourceTree = "<group>"; };
		04D3852424D19FC800908C0E /* Info.plist */ = {isa = PBXFileReference; lastKnownFileType = text.plist.xml; path = Info.plist; sourceTree = "<group>"; };
/* End PBXFileReference section */

/* Begin PBXFrameworksBuildPhase section */
		04D384FA24D19FC300908C0E /* Frameworks */ = {
			isa = PBXFrameworksBuildPhase;
			buildActionMask = 2147483647;
			files = (
			);
			runOnlyForDeploymentPostprocessing = 0;
		};
		04D3851024D19FC800908C0E /* Frameworks */ = {
			isa = PBXFrameworksBuildPhase;
			buildActionMask = 2147483647;
			files = (
			);
			runOnlyForDeploymentPostprocessing = 0;
		};
		04D3851B24D19FC800908C0E /* Frameworks */ = {
			isa = PBXFrameworksBuildPhase;
			buildActionMask = 2147483647;
			files = (
			);
			runOnlyForDeploymentPostprocessing = 0;
		};
/* End PBXFrameworksBuildPhase section */

/* Begin PBXGroup section */
		04D384F424D19FC300908C0E = {
			isa = PBXGroup;
			children = (
				04D384FF24D19FC300908C0E /* ProgressBar */,
				04D3851624D19FC800908C0E /* ProgressBarTests */,
				04D3852124D19FC800908C0E /* ProgressBarUITests */,
				04D384FE24D19FC300908C0E /* Products */,
			);
			sourceTree = "<group>";
		};
		04D384FE24D19FC300908C0E /* Products */ = {
			isa = PBXGroup;
			children = (
				04D384FD24D19FC300908C0E /* ProgressBar.app */,
				04D3851324D19FC800908C0E /* ProgressBarTests.xctest */,
				04D3851E24D19FC800908C0E /* ProgressBarUITests.xctest */,
			);
			name = Products;
			sourceTree = "<group>";
		};
		04D384FF24D19FC300908C0E /* ProgressBar */ = {
			isa = PBXGroup;
			children = (
				04D3850024D19FC300908C0E /* AppDelegate.swift */,
				04D3850224D19FC300908C0E /* SceneDelegate.swift */,
				04D3850424D19FC300908C0E /* ViewController.swift */,
				04D3850624D19FC300908C0E /* Main.storyboard */,
				04D3850924D19FC800908C0E /* Assets.xcassets */,
				04D3850B24D19FC800908C0E /* LaunchScreen.storyboard */,
				04D3850E24D19FC800908C0E /* Info.plist */,
			);
			path = ProgressBar;
			sourceTree = "<group>";
		};
		04D3851624D19FC800908C0E /* ProgressBarTests */ = {
			isa = PBXGroup;
			children = (
				04D3851724D19FC800908C0E /* ProgressBarTests.swift */,
				04D3851924D19FC800908C0E /* Info.plist */,
			);
			path = ProgressBarTests;
			sourceTree = "<group>";
		};
		04D3852124D19FC800908C0E /* ProgressBarUITests */ = {
			isa = PBXGroup;
			children = (
				04D3852224D19FC800908C0E /* ProgressBarUITests.swift */,
				04D3852424D19FC800908C0E /* Info.plist */,
			);
			path = ProgressBarUITests;
			sourceTree = "<group>";
		};
/* End PBXGroup section */

/* Begin PBXNativeTarget section */
		04D384FC24D19FC300908C0E /* ProgressBar */ = {
			isa = PBXNativeTarget;
			buildConfigurationList = 04D3852724D19FC800908C0E /* Build configuration list for PBXNativeTarget "ProgressBar" */;
			buildPhases = (
				04D384F924D19FC300908C0E /* Sources */,
				04D384FA24D19FC300908C0E /* Frameworks */,
				04D384FB24D19FC300908C0E /* Resources */,
			);
			buildRules = (
			);
			dependencies = (
			);
			name = ProgressBar;
			productName = ProgressBar;
			productReference = 04D384FD24D19FC300908C0E /* ProgressBar.app */;
			productType = "com.apple.product-type.application";
		};
		04D3851224D19FC800908C0E /* ProgressBarTests */ = {
			isa = PBXNativeTarget;
			buildConfigurationList = 04D3852A24D19FC800908C0E /* Build configuration list for PBXNativeTarget "ProgressBarTests" */;
			buildPhases = (
				04D3850F24D19FC800908C0E /* Sources */,
				04D3851024D19FC800908C0E /* Frameworks */,
				04D3851124D19FC800908C0E /* Resources */,
			);
			buildRules = (
			);
			dependencies = (
				04D3851524D19FC800908C0E /* PBXTargetDependency */,
			);
			name = ProgressBarTests;
			productName = ProgressBarTests;
			productReference = 04D3851324D19FC800908C0E /* ProgressBarTests.xctest */;
			productType = "com.apple.product-type.bundle.unit-test";
		};
		04D3851D24D19FC800908C0E /* ProgressBarUITests */ = {
			isa = PBXNativeTarget;
			buildConfigurationList = 04D3852D24D19FC800908C0E /* Build configuration list for PBXNativeTarget "ProgressBarUITests" */;
			buildPhases = (
				04D3851A24D19FC800908C0E /* Sources */,
				04D3851B24D19FC800908C0E /* Frameworks */,
				04D3851C24D19FC800908C0E /* Resources */,
			);
			buildRules = (
			);
			dependencies = (
				04D3852024D19FC800908C0E /* PBXTargetDependency */,
			);
			name = ProgressBarUITests;
			productName = ProgressBarUITests;
			productReference = 04D3851E24D19FC800908C0E /* ProgressBarUITests.xctest */;
			productType = "com.apple.product-type.bundle.ui-testing";
		};
/* End PBXNativeTarget section */

/* Begin PBXProject section */
		04D384F524D19FC300908C0E /* Project object */ = {
			isa = PBXProject;
			attributes = {
				LastSwiftUpdateCheck = 1120;
				LastUpgradeCheck = 1120;
				ORGANIZATIONNAME = mac;
				TargetAttributes = {
					04D384FC24D19FC300908C0E = {
						CreatedOnToolsVersion = 11.2.1;
					};
					04D3851224D19FC800908C0E = {
						CreatedOnToolsVersion = 11.2.1;
						TestTargetID = 04D384FC24D19FC300908C0E;
					};
					04D3851D24D19FC800908C0E = {
						CreatedOnToolsVersion = 11.2.1;
						TestTargetID = 04D384FC24D19FC300908C0E;
					};
				};
			};
			buildConfigurationList = 04D384F824D19FC300908C0E /* Build configuration list for PBXProject "ProgressBar" */;
			compatibilityVersion = "Xcode 9.3";
			developmentRegion = en;
			hasScannedForEncodings = 0;
			knownRegions = (
				en,
				Base,
			);
			mainGroup = 04D384F424D19FC300908C0E;
			productRefGroup = 04D384FE24D19FC300908C0E /* Products */;
			projectDirPath = "";
			projectRoot = "";
			targets = (
				04D384FC24D19FC300908C0E /* ProgressBar */,
				04D3851224D19FC800908C0E /* ProgressBarTests */,
				04D3851D24D19FC800908C0E /* ProgressBarUITests */,
			);
		};
/* End PBXProject section */

/* Begin PBXResourcesBuildPhase section */
		04D384FB24D19FC300908C0E /* Resources */ = {
			isa = PBXResourcesBuildPhase;
			buildActionMask = 2147483647;
			files = (
				04D3850D24D19FC800908C0E /* LaunchScreen.storyboard in Resources */,
				04D3850A24D19FC800908C0E /* Assets.xcassets in Resources */,
				04D3850824D19FC300908C0E /* Main.storyboard in Resources */,
			);
			runOnlyForDeploymentPostprocessing = 0;
		};
		04D3851124D19FC800908C0E /* Resources */ = {
			isa = PBXResourcesBuildPhase;
			buildActionMask = 2147483647;
			files = (
			);
			runOnlyForDeploymentPostprocessing = 0;
		};
		04D3851C24D19FC800908C0E /* Resources */ = {
			isa = PBXResourcesBuildPhase;
			buildActionMask = 2147483647;
			files = (
			);
			runOnlyForDeploymentPostprocessing = 0;
		};
/* End PBXResourcesBuildPhase section */

/* Begin PBXSourcesBuildPhase section */
		04D384F924D19FC300908C0E /* Sources */ = {
			isa = PBXSourcesBuildPhase;
			buildActionMask = 2147483647;
			files = (
				04D3850524D19FC300908C0E /* ViewController.swift in Sources */,
				04D3850124D19FC300908C0E /* AppDelegate.swift in Sources */,
				04D3850324D19FC300908C0E /* SceneDelegate.swift in Sources */,
			);
			runOnlyForDeploymentPostprocessing = 0;
		};
		04D3850F24D19FC800908C0E /* Sources */ = {
			isa = PBXSourcesBuildPhase;
			buildActionMask = 2147483647;
			files = (
				04D3851824D19FC800908C0E /* ProgressBarTests.swift in Sources */,
			);
			runOnlyForDeploymentPostprocessing = 0;
		};
		04D3851A24D19FC800908C0E /* Sources */ = {
			isa = PBXSourcesBuildPhase;
			buildActionMask = 2147483647;
			files = (
				04D3852324D19FC800908C0E /* ProgressBarUITests.swift in Sources */,
			);
			runOnlyForDeploymentPostprocessing = 0;
		};
/* End PBXSourcesBuildPhase section */

/* Begin PBXTargetDependency section */
		04D3851524D19FC800908C0E /* PBXTargetDependency */ = {
			isa = PBXTargetDependency;
			target = 04D384FC24D19FC300908C0E /* ProgressBar */;
			targetProxy = 04D3851424D19FC800908C0E /* PBXContainerItemProxy */;
		};
		04D3852024D19FC800908C0E /* PBXTargetDependency */ = {
			isa = PBXTargetDependency;
			target = 04D384FC24D19FC300908C0E /* ProgressBar */;
			targetProxy = 04D3851F24D19FC800908C0E /* PBXContainerItemProxy */;
		};
/* End PBXTargetDependency section */

/* Begin PBXVariantGroup section */
		04D3850624D19FC300908C0E /* Main.storyboard */ = {
			isa = PBXVariantGroup;
			children = (
				04D3850724D19FC300908C0E /* Base */,
			);
			name = Main.storyboard;
			sourceTree = "<group>";
		};
		04D3850B24D19FC800908C0E /* LaunchScreen.storyboard */ = {
			isa = PBXVariantGroup;
			children = (
				04D3850C24D19FC800908C0E /* Base */,
			);
			name = LaunchScreen.storyboard;
			sourceTree = "<group>";
		};
/* End PBXVariantGroup section */

/* Begin XCBuildConfiguration section */
		04D3852524D19FC800908C0E /* Debug */ = {
			isa = XCBuildConfiguration;
			buildSettings = {
				ALWAYS_SEARCH_USER_PATHS = NO;
				CLANG_ANALYZER_NONNULL = YES;
				CLANG_ANALYZER_NUMBER_OBJECT_CONVERSION = YES_AGGRESSIVE;
				CLANG_CXX_LANGUAGE_STANDARD = "gnu++14";
				CLANG_CXX_LIBRARY = "libc++";
				CLANG_ENABLE_MODULES = YES;
				CLANG_ENABLE_OBJC_ARC = YES;
				CLANG_ENABLE_OBJC_WEAK = YES;
				CLANG_WARN_BLOCK_CAPTURE_AUTORELEASING = YES;
				CLANG_WARN_BOOL_CONVERSION = YES;
				CLANG_WARN_COMMA = YES;
				CLANG_WARN_CONSTANT_CONVERSION = YES;
				CLANG_WARN_DEPRECATED_OBJC_IMPLEMENTATIONS = YES;
				CLANG_WARN_DIRECT_OBJC_ISA_USAGE = YES_ERROR;
				CLANG_WARN_DOCUMENTATION_COMMENTS = YES;
				CLANG_WARN_EMPTY_BODY = YES;
				CLANG_WARN_ENUM_CONVERSION = YES;
				CLANG_WARN_INFINITE_RECURSION = YES;
				CLANG_WARN_INT_CONVERSION = YES;
				CLANG_WARN_NON_LITERAL_NULL_CONVERSION = YES;
				CLANG_WARN_OBJC_IMPLICIT_RETAIN_SELF = YES;
				CLANG_WARN_OBJC_LITERAL_CONVERSION = YES;
				CLANG_WARN_OBJC_ROOT_CLASS = YES_ERROR;
				CLANG_WARN_RANGE_LOOP_ANALYSIS = YES;
				CLANG_WARN_STRICT_PROTOTYPES = YES;
				CLANG_WARN_SUSPICIOUS_MOVE = YES;
				CLANG_WARN_UNGUARDED_AVAILABILITY = YES_AGGRESSIVE;
				CLANG_WARN_UNREACHABLE_CODE = YES;
				CLANG_WARN__DUPLICATE_METHOD_MATCH = YES;
				COPY_PHASE_STRIP = NO;
				DEBUG_INFORMATION_FORMAT = dwarf;
				ENABLE_STRICT_OBJC_MSGSEND = YES;
				ENABLE_TESTABILITY = YES;
				GCC_C_LANGUAGE_STANDARD = gnu11;
				GCC_DYNAMIC_NO_PIC = NO;
				GCC_NO_COMMON_BLOCKS = YES;
				GCC_OPTIMIZATION_LEVEL = 0;
				GCC_PREPROCESSOR_DEFINITIONS = (
					"DEBUG=1",
					"$(inherited)",
				);
				GCC_WARN_64_TO_32_BIT_CONVERSION = YES;
				GCC_WARN_ABOUT_RETURN_TYPE = YES_ERROR;
				GCC_WARN_UNDECLARED_SELECTOR = YES;
				GCC_WARN_UNINITIALIZED_AUTOS = YES_AGGRESSIVE;
				GCC_WARN_UNUSED_FUNCTION = YES;
				GCC_WARN_UNUSED_VARIABLE = YES;
				IPHONEOS_DEPLOYMENT_TARGET = 13.2;
				MTL_ENABLE_DEBUG_INFO = INCLUDE_SOURCE;
				MTL_FAST_MATH = YES;
				ONLY_ACTIVE_ARCH = YES;
				SDKROOT = iphoneos;
				SWIFT_ACTIVE_COMPILATION_CONDITIONS = DEBUG;
				SWIFT_OPTIMIZATION_LEVEL = "-Onone";
			};
			name = Debug;
		};
		04D3852624D19FC800908C0E /* Release */ = {
			isa = XCBuildConfiguration;
			buildSettings = {
				ALWAYS_SEARCH_USER_PATHS = NO;
				CLANG_ANALYZER_NONNULL = YES;
				CLANG_ANALYZER_NUMBER_OBJECT_CONVERSION = YES_AGGRESSIVE;
				CLANG_CXX_LANGUAGE_STANDARD = "gnu++14";
				CLANG_CXX_LIBRARY = "libc++";
				CLANG_ENABLE_MODULES = YES;
				CLANG_ENABLE_OBJC_ARC = YES;
				CLANG_ENABLE_OBJC_WEAK = YES;
				CLANG_WARN_BLOCK_CAPTURE_AUTORELEASING = YES;
				CLANG_WARN_BOOL_CONVERSION = YES;
				CLANG_WARN_COMMA = YES;
				CLANG_WARN_CONSTANT_CONVERSION = YES;
				CLANG_WARN_DEPRECATED_OBJC_IMPLEMENTATIONS = YES;
				CLANG_WARN_DIRECT_OBJC_ISA_USAGE = YES_ERROR;
				CLANG_WARN_DOCUMENTATION_COMMENTS = YES;
				CLANG_WARN_EMPTY_BODY = YES;
				CLANG_WARN_ENUM_CONVERSION = YES;
				CLANG_WARN_INFINITE_RECURSION = YES;
				CLANG_WARN_INT_CONVERSION = YES;
				CLANG_WARN_NON_LITERAL_NULL_CONVERSION = YES;
				CLANG_WARN_OBJC_IMPLICIT_RETAIN_SELF = YES;
				CLANG_WARN_OBJC_LITERAL_CONVERSION = YES;
				CLANG_WARN_OBJC_ROOT_CLASS = YES_ERROR;
				CLANG_WARN_RANGE_LOOP_ANALYSIS = YES;
				CLANG_WARN_STRICT_PROTOTYPES = YES;
				CLANG_WARN_SUSPICIOUS_MOVE = YES;
				CLANG_WARN_UNGUARDED_AVAILABILITY = YES_AGGRESSIVE;
				CLANG_WARN_UNREACHABLE_CODE = YES;
				CLANG_WARN__DUPLICATE_METHOD_MATCH = YES;
				COPY_PHASE_STRIP = NO;
				DEBUG_INFORMATION_FORMAT = "dwarf-with-dsym";
				ENABLE_NS_ASSERTIONS = NO;
				ENABLE_STRICT_OBJC_MSGSEND = YES;
				GCC_C_LANGUAGE_STANDARD = gnu11;
				GCC_NO_COMMON_BLOCKS = YES;
				GCC_WARN_64_TO_32_BIT_CONVERSION = YES;
				GCC_WARN_ABOUT_RETURN_TYPE = YES_ERROR;
				GCC_WARN_UNDECLARED_SELECTOR = YES;
				GCC_WARN_UNINITIALIZED_AUTOS = YES_AGGRESSIVE;
				GCC_WARN_UNUSED_FUNCTION = YES;
				GCC_WARN_UNUSED_VARIABLE = YES;
				IPHONEOS_DEPLOYMENT_TARGET = 13.2;
				MTL_ENABLE_DEBUG_INFO = NO;
				MTL_FAST_MATH = YES;
				SDKROOT = iphoneos;
				SWIFT_COMPILATION_MODE = wholemodule;
				SWIFT_OPTIMIZATION_LEVEL = "-O";
				VALIDATE_PRODUCT = YES;
			};
			name = Release;
		};
		04D3852824D19FC800908C0E /* Debug */ = {
			isa = XCBuildConfiguration;
			buildSettings = {
				ASSETCATALOG_COMPILER_APPICON_NAME = AppIcon;
				CODE_SIGN_STYLE = Automatic;
				DEVELOPMENT_TEAM = WZWQ8Z2S8N;
				INFOPLIST_FILE = ProgressBar/Info.plist;
				LD_RUNPATH_SEARCH_PATHS = (
					"$(inherited)",
					"@executable_path/Frameworks",
				);
				PRODUCT_BUNDLE_IDENTIFIER = com.mac.ProgressBar;
				PRODUCT_NAME = "$(TARGET_NAME)";
				SWIFT_VERSION = 5.0;
				TARGETED_DEVICE_FAMILY = "1,2";
			};
			name = Debug;
		};
		04D3852924D19FC800908C0E /* Release */ = {
			isa = XCBuildConfiguration;
			buildSettings = {
				ASSETCATALOG_COMPILER_APPICON_NAME = AppIcon;
				CODE_SIGN_STYLE = Automatic;
				DEVELOPMENT_TEAM = WZWQ8Z2S8N;
				INFOPLIST_FILE = ProgressBar/Info.plist;
				LD_RUNPATH_SEARCH_PATHS = (
					"$(inherited)",
					"@executable_path/Frameworks",
				);
				PRODUCT_BUNDLE_IDENTIFIER = com.mac.ProgressBar;
				PRODUCT_NAME = "$(TARGET_NAME)";
				SWIFT_VERSION = 5.0;
				TARGETED_DEVICE_FAMILY = "1,2";
			};
			name = Release;
		};
		04D3852B24D19FC800908C0E /* Debug */ = {
			isa = XCBuildConfiguration;
			buildSettings = {
				ALWAYS_EMBED_SWIFT_STANDARD_LIBRARIES = YES;
				BUNDLE_LOADER = "$(TEST_HOST)";
				CODE_SIGN_STYLE = Automatic;
				DEVELOPMENT_TEAM = WZWQ8Z2S8N;
				INFOPLIST_FILE = ProgressBarTests/Info.plist;
				IPHONEOS_DEPLOYMENT_TARGET = 13.2;
				LD_RUNPATH_SEARCH_PATHS = (
					"$(inherited)",
					"@executable_path/Frameworks",
					"@loader_path/Frameworks",
				);
				PRODUCT_BUNDLE_IDENTIFIER = com.mac.ProgressBarTests;
				PRODUCT_NAME = "$(TARGET_NAME)";
				SWIFT_VERSION = 5.0;
				TARGETED_DEVICE_FAMILY = "1,2";
				TEST_HOST = "$(BUILT_PRODUCTS_DIR)/ProgressBar.app/ProgressBar";
			};
			name = Debug;
		};
		04D3852C24D19FC800908C0E /* Release */ = {
			isa = XCBuildConfiguration;
			buildSettings = {
				ALWAYS_EMBED_SWIFT_STANDARD_LIBRARIES = YES;
				BUNDLE_LOADER = "$(TEST_HOST)";
				CODE_SIGN_STYLE = Automatic;
				DEVELOPMENT_TEAM = WZWQ8Z2S8N;
				INFOPLIST_FILE = ProgressBarTests/Info.plist;
				IPHONEOS_DEPLOYMENT_TARGET = 13.2;
				LD_RUNPATH_SEARCH_PATHS = (
					"$(inherited)",
					"@executable_path/Frameworks",
					"@loader_path/Frameworks",
				);
				PRODUCT_BUNDLE_IDENTIFIER = com.mac.ProgressBarTests;
				PRODUCT_NAME = "$(TARGET_NAME)";
				SWIFT_VERSION = 5.0;
				TARGETED_DEVICE_FAMILY = "1,2";
				TEST_HOST = "$(BUILT_PRODUCTS_DIR)/ProgressBar.app/ProgressBar";
			};
			name = Release;
		};
		04D3852E24D19FC800908C0E /* Debug */ = {
			isa = XCBuildConfiguration;
			buildSettings = {
				ALWAYS_EMBED_SWIFT_STANDARD_LIBRARIES = YES;
				CODE_SIGN_STYLE = Automatic;
				DEVELOPMENT_TEAM = WZWQ8Z2S8N;
				INFOPLIST_FILE = ProgressBarUITests/Info.plist;
				LD_RUNPATH_SEARCH_PATHS = (
					"$(inherited)",
					"@executable_path/Frameworks",
					"@loader_path/Frameworks",
				);
				PRODUCT_BUNDLE_IDENTIFIER = com.mac.ProgressBarUITests;
				PRODUCT_NAME = "$(TARGET_NAME)";
				SWIFT_VERSION = 5.0;
				TARGETED_DEVICE_FAMILY = "1,2";
				TEST_TARGET_NAME = ProgressBar;
			};
			name = Debug;
		};
		04D3852F24D19FC800908C0E /* Release */ = {
			isa = XCBuildConfiguration;
			buildSettings = {
				ALWAYS_EMBED_SWIFT_STANDARD_LIBRARIES = YES;
				CODE_SIGN_STYLE = Automatic;
				DEVELOPMENT_TEAM = WZWQ8Z2S8N;
				INFOPLIST_FILE = ProgressBarUITests/Info.plist;
				LD_RUNPATH_SEARCH_PATHS = (
					"$(inherited)",
					"@executable_path/Frameworks",
					"@loader_path/Frameworks",
				);
				PRODUCT_BUNDLE_IDENTIFIER = com.mac.ProgressBarUITests;
				PRODUCT_NAME = "$(TARGET_NAME)";
				SWIFT_VERSION = 5.0;
				TARGETED_DEVICE_FAMILY = "1,2";
				TEST_TARGET_NAME = ProgressBar;
			};
			name = Release;
		};
/* End XCBuildConfiguration section */

/* Begin XCConfigurationList section */
		04D384F824D19FC300908C0E /* Build configuration list for PBXProject "ProgressBar" */ = {
			isa = XCConfigurationList;
			buildConfigurations = (
				04D3852524D19FC800908C0E /* Debug */,
				04D3852624D19FC800908C0E /* Release */,
			);
			defaultConfigurationIsVisible = 0;
			defaultConfigurationName = Release;
		};
		04D3852724D19FC800908C0E /* Build configuration list for PBXNativeTarget "ProgressBar" */ = {
			isa = XCConfigurationList;
			buildConfigurations = (
				04D3852824D19FC800908C0E /* Debug */,
				04D3852924D19FC800908C0E /* Release */,
			);
			defaultConfigurationIsVisible = 0;
			defaultConfigurationName = Release;
		};
		04D3852A24D19FC800908C0E /* Build configuration list for PBXNativeTarget "ProgressBarTests" */ = {
			isa = XCConfigurationList;
			buildConfigurations = (
				04D3852B24D19FC800908C0E /* Debug */,
				04D3852C24D19FC800908C0E /* Release */,
			);
			defaultConfigurationIsVisible = 0;
			defaultConfigurationName = Release;
		};
		04D3852D24D19FC800908C0E /* Build configuration list for PBXNativeTarget "ProgressBarUITests" */ = {
			isa = XCConfigurationList;
			buildConfigurations = (
				04D3852E24D19FC800908C0E /* Debug */,
				04D3852F24D19FC800908C0E /* Release */,
			);
			defaultConfigurationIsVisible = 0;
			defaultConfigurationName = Release;
		};
/* End XCConfigurationList section */
	};
	rootObject = 04D384F524D19FC300908C0E /* Project object */;
}
